
Microsoft Visual Studio Solution File, Format Version 12.00
# Visual Studio Version 17
VisualStudioVersion = 17.4.33110.190
MinimumVisualStudioVersion = 10.0.40219.1
Project("{FAE04EC0-301F-11D3-BF4B-00C04F79EFBC}") = "TestGlobalKeyboardHook", "StaticWorkspace\StaticWorkspace.csproj", "{3C6C1625-97B3-400C-B84D-C90F0760B21F}"
EndProject
Global
	GlobalSection(SolutionConfigurationPlatforms) = preSolution
		Debug|Any CPU = Debug|Any CPU
		Release|Any CPU = Release|Any CPU
	EndGlobalSection
	GlobalSection(ProjectConfigurationPlatforms) = postSolution
		{3C6C1625-97B3-400C-B84D-C90F0760B21F}.Debug|Any CPU.ActiveCfg = Debug|Any CPU
		{3C6C1625-97B3-400C-B84D-C90F0760B21F}.Debug|Any CPU.Build.0 = Debug|Any CPU
		{3C6C1625-97B3-400C-B84D-C90F0760B21F}.Release|Any CPU.ActiveCfg = Release|Any CPU
		{3C6C1625-97B3-400C-B84D-C90F0760B21F}.Release|Any CPU.Build.0 = Release|Any CPU
	EndGlobalSection
	GlobalSection(SolutionProperties) = preSolution
		HideSolutionNode = FALSE
	EndGlobalSection
	GlobalSection(ExtensibilityGlobals) = postSolution
		SolutionGuid = {9D70CC64-8601-40F9-922B-78B1F871D344}
	EndGlobalSection
EndGlobal
